
Microsoft Visual Studio Solution File, Format Version 12.00
# Visual Studio Version 16
VisualStudioVersion = 16.0.29806.167
MinimumVisualStudioVersion = 10.0.40219.1
Project("{FAE04EC0-301F-11D3-BF4B-00C04F79EFBC}") = "Sudoku", "Sudoku\Sudoku.csproj", "{42E7FB1A-7DB9-4942-9C4D-57662016E9A5}"
EndProject
Global
	GlobalSection(SolutionConfigurationPlatforms) = preSolution
		Debug|Any CPU = Debug|Any CPU
		Release|Any CPU = Release|Any CPU
	EndGlobalSection
	GlobalSection(ProjectConfigurationPlatforms) = postSolution
		{42E7FB1A-7DB9-4942-9C4D-57662016E9A5}.Debug|Any CPU.ActiveCfg = Debug|Any CPU
		{42E7FB1A-7DB9-4942-9C4D-57662016E9A5}.Debug|Any CPU.Build.0 = Debug|Any CPU
		{42E7FB1A-7DB9-4942-9C4D-57662016E9A5}.Release|Any CPU.ActiveCfg = Release|Any CPU
		{42E7FB1A-7DB9-4942-9C4D-57662016E9A5}.Release|Any CPU.Build.0 = Release|Any CPU
	EndGlobalSection
	GlobalSection(SolutionProperties) = preSolution
		HideSolutionNode = FALSE
	EndGlobalSection
	GlobalSection(ExtensibilityGlobals) = postSolution
		SolutionGuid = {B830077E-11FC-4CC0-BFA7-14D4D9345CEF}
	EndGlobalSection
EndGlobal
